
Microsoft Visual Studio Solution File, Format Version 12.00
# Visual Studio Version 16
VisualStudioVersion = 16.0.31624.102
MinimumVisualStudioVersion = 10.0.40219.1
Project("{9A19103F-16F7-4668-BE54-9A1E7A4F7556}") = "Snake", "Snake\Snake.csproj", "{5F60E2A5-7CDC-4CA8-9FA8-BABCB20771DA}"
EndProject
Global
	GlobalSection(SolutionConfigurationPlatforms) = preSolution
		Debug|Any CPU = Debug|Any CPU
		Release|Any CPU = Release|Any CPU
	EndGlobalSection
	GlobalSection(ProjectConfigurationPlatforms) = postSolution
		{5F60E2A5-7CDC-4CA8-9FA8-BABCB20771DA}.Debug|Any CPU.ActiveCfg = Debug|Any CPU
		{5F60E2A5-7CDC-4CA8-9FA8-BABCB20771DA}.Debug|Any CPU.Build.0 = Debug|Any CPU
		{5F60E2A5-7CDC-4CA8-9FA8-BABCB20771DA}.Release|Any CPU.ActiveCfg = Release|Any CPU
		{5F60E2A5-7CDC-4CA8-9FA8-BABCB20771DA}.Release|Any CPU.Build.0 = Release|Any CPU
	EndGlobalSection
	GlobalSection(SolutionProperties) = preSolution
		HideSolutionNode = FALSE
	EndGlobalSection
	GlobalSection(ExtensibilityGlobals) = postSolution
		SolutionGuid = {82E374B6-1789-4835-89C8-2822CAB35465}
	EndGlobalSection
EndGlobal
